
Microsoft Visual Studio Solution File, Format Version 12.00
# Visual Studio Version 16
VisualStudioVersion = 16.0.30114.105
MinimumVisualStudioVersion = 10.0.40219.1
Project("{FAE04EC0-301F-11D3-BF4B-00C04F79EFBC}") = "AlgeyaServices2", "AlgeyaServices2\AlgeyaServices2.csproj", "{70AA1462-F739-4AE8-AC0B-3DED40B4008F}"
EndProject
Global
	GlobalSection(SolutionConfigurationPlatforms) = preSolution
		Debug|Any CPU = Debug|Any CPU
		Release|Any CPU = Release|Any CPU
	EndGlobalSection
	GlobalSection(ProjectConfigurationPlatforms) = postSolution
		{70AA1462-F739-4AE8-AC0B-3DED40B4008F}.Debug|Any CPU.ActiveCfg = Debug|Any CPU
		{70AA1462-F739-4AE8-AC0B-3DED40B4008F}.Debug|Any CPU.Build.0 = Debug|Any CPU
		{70AA1462-F739-4AE8-AC0B-3DED40B4008F}.Release|Any CPU.ActiveCfg = Release|Any CPU
		{70AA1462-F739-4AE8-AC0B-3DED40B4008F}.Release|Any CPU.Build.0 = Release|Any CPU
	EndGlobalSection
	GlobalSection(SolutionProperties) = preSolution
		HideSolutionNode = FALSE
	EndGlobalSection
	GlobalSection(ExtensibilityGlobals) = postSolution
		SolutionGuid = {ABF6DD4D-E06A-4A4D-957A-32A0B305758B}
	EndGlobalSection
EndGlobal
